// !$*UTF8*$!
{
	archiveVersion = 1;
	classes = {
	};
	objectVersion = 50;
	objects = {

/* Begin PBXBuildFile section */
		4668D5AD2595767E00463C6F /* AppDelegate.swift in Sources */ = {isa = PBXBuildFile; fileRef = 4668D5AC2595767E00463C6F /* AppDelegate.swift */; };
		4668D5AF2595767E00463C6F /* SceneDelegate.swift in Sources */ = {isa = PBXBuildFile; fileRef = 4668D5AE2595767E00463C6F /* SceneDelegate.swift */; };
		4668D5B12595767E00463C6F /* ViewController.swift in Sources */ = {isa = PBXBuildFile; fileRef = 4668D5B02595767E00463C6F /* ViewController.swift */; };
		4668D5B42595767F00463C6F /* Main.storyboard in Resources */ = {isa = PBXBuildFile; fileRef = 4668D5B22595767F00463C6F /* Main.storyboard */; };
		4668D5B62595768700463C6F /* Assets.xcassets in Resources */ = {isa = PBXBuildFile; fileRef = 4668D5B52595768700463C6F /* Assets.xcassets */; };
		4668D5B92595768700463C6F /* LaunchScreen.storyboard in Resources */ = {isa = PBXBuildFile; fileRef = 4668D5B72595768700463C6F /* LaunchScreen.storyboard */; };
		4668D5C42595768700463C6F /* PreworkTests.swift in Sources */ = {isa = PBXBuildFile; fileRef = 4668D5C32595768700463C6F /* PreworkTests.swift */; };
		4668D5CF2595768700463C6F /* PreworkUITests.swift in Sources */ = {isa = PBXBuildFile; fileRef = 4668D5CE2595768700463C6F /* PreworkUITests.swift */; };
/* End PBXBuildFile section */

/* Begin PBXContainerItemProxy section */
		4668D5C02595768700463C6F /* PBXContainerItemProxy */ = {
			isa = PBXContainerItemProxy;
			containerPortal = 4668D5A12595767D00463C6F /* Project object */;
			proxyType = 1;
			remoteGlobalIDString = 4668D5A82595767E00463C6F;
			remoteInfo = Prework;
		};
		4668D5CB2595768700463C6F /* PBXContainerItemProxy */ = {
			isa = PBXContainerItemProxy;
			containerPortal = 4668D5A12595767D00463C6F /* Project object */;
			proxyType = 1;
			remoteGlobalIDString = 4668D5A82595767E00463C6F;
			remoteInfo = Prework;
		};
/* End PBXContainerItemProxy section */

/* Begin PBXFileReference section */
		4668D5A92595767E00463C6F /* Tipsy.app */ = {isa = PBXFileReference; explicitFileType = wrapper.application; includeInIndex = 0; path = Tipsy.app; sourceTree = BUILT_PRODUCTS_DIR; };
		4668D5AC2595767E00463C6F /* AppDelegate.swift */ = {isa = PBXFileReference; lastKnownFileType = sourcecode.swift; path = AppDelegate.swift; sourceTree = "<group>"; };
		4668D5AE2595767E00463C6F /* SceneDelegate.swift */ = {isa = PBXFileReference; lastKnownFileType = sourcecode.swift; path = SceneDelegate.swift; sourceTree = "<group>"; };
		4668D5B02595767E00463C6F /* ViewController.swift */ = {isa = PBXFileReference; lastKnownFileType = sourcecode.swift; path = ViewController.swift; sourceTree = "<group>"; };
		4668D5B32595767F00463C6F /* Base */ = {isa = PBXFileReference; lastKnownFileType = file.storyboard; name = Base; path = Base.lproj/Main.storyboard; sourceTree = "<group>"; };
		4668D5B52595768700463C6F /* Assets.xcassets */ = {isa = PBXFileReference; lastKnownFileType = folder.assetcatalog; path = Assets.xcassets; sourceTree = "<group>"; };
		4668D5B82595768700463C6F /* Base */ = {isa = PBXFileReference; lastKnownFileType = file.storyboard; name = Base; path = Base.lproj/LaunchScreen.storyboard; sourceTree = "<group>"; };
		4668D5BA2595768700463C6F /* Info.plist */ = {isa = PBXFileReference; lastKnownFileType = text.plist.xml; path = Info.plist; sourceTree = "<group>"; };
		4668D5BF2595768700463C6F /* TipsyTests.xctest */ = {isa = PBXFileReference; explicitFileType = wrapper.cfbundle; includeInIndex = 0; path = TipsyTests.xctest; sourceTree = BUILT_PRODUCTS_DIR; };
		4668D5C32595768700463C6F /* PreworkTests.swift */ = {isa = PBXFileReference; lastKnownFileType = sourcecode.swift; path = PreworkTests.swift; sourceTree = "<group>"; };
		4668D5C52595768700463C6F /* Info.plist */ = {isa = PBXFileReference; lastKnownFileType = text.plist.xml; path = Info.plist; sourceTree = "<group>"; };
		4668D5CA2595768700463C6F /* TipsyUITests.xctest */ = {isa = PBXFileReference; explicitFileType = wrapper.cfbundle; includeInIndex = 0; path = TipsyUITests.xctest; sourceTree = BUILT_PRODUCTS_DIR; };
		4668D5CE2595768700463C6F /* PreworkUITests.swift */ = {isa = PBXFileReference; lastKnownFileType = sourcecode.swift; path = PreworkUITests.swift; sourceTree = "<group>"; };
		4668D5D02595768700463C6F /* Info.plist */ = {isa = PBXFileReference; lastKnownFileType = text.plist.xml; path = Info.plist; sourceTree = "<group>"; };
/* End PBXFileReference section */

/* Begin PBXFrameworksBuildPhase section */
		4668D5A62595767E00463C6F /* Frameworks */ = {
			isa = PBXFrameworksBuildPhase;
			buildActionMask = 2147483647;
			files = (
			);
			runOnlyForDeploymentPostprocessing = 0;
		};
		4668D5BC2595768700463C6F /* Frameworks */ = {
			isa = PBXFrameworksBuildPhase;
			buildActionMask = 2147483647;
			files = (
			);
			runOnlyForDeploymentPostprocessing = 0;
		};
		4668D5C72595768700463C6F /* Frameworks */ = {
			isa = PBXFrameworksBuildPhase;
			buildActionMask = 2147483647;
			files = (
			);
			runOnlyForDeploymentPostprocessing = 0;
		};
/* End PBXFrameworksBuildPhase section */

/* Begin PBXGroup section */
		4668D5A02595767D00463C6F = {
			isa = PBXGroup;
			children = (
				4668D5AB2595767E00463C6F /* Tipsy */,
				4668D5C22595768700463C6F /* PreworkTests */,
				4668D5CD2595768700463C6F /* PreworkUITests */,
				4668D5AA2595767E00463C6F /* Products */,
			);
			sourceTree = "<group>";
		};
		4668D5AA2595767E00463C6F /* Products */ = {
			isa = PBXGroup;
			children = (
				4668D5A92595767E00463C6F /* Tipsy.app */,
				4668D5BF2595768700463C6F /* TipsyTests.xctest */,
				4668D5CA2595768700463C6F /* TipsyUITests.xctest */,
			);
			name = Products;
			sourceTree = "<group>";
		};
		4668D5AB2595767E00463C6F /* Tipsy */ = {
			isa = PBXGroup;
			children = (
				4668D5AC2595767E00463C6F /* AppDelegate.swift */,
				4668D5AE2595767E00463C6F /* SceneDelegate.swift */,
				4668D5B02595767E00463C6F /* ViewController.swift */,
				4668D5B22595767F00463C6F /* Main.storyboard */,
				4668D5B52595768700463C6F /* Assets.xcassets */,
				4668D5B72595768700463C6F /* LaunchScreen.storyboard */,
				4668D5BA2595768700463C6F /* Info.plist */,
			);
			path = Tipsy;
			sourceTree = "<group>";
		};
		4668D5C22595768700463C6F /* PreworkTests */ = {
			isa = PBXGroup;
			children = (
				4668D5C32595768700463C6F /* PreworkTests.swift */,
				4668D5C52595768700463C6F /* Info.plist */,
			);
			path = PreworkTests;
			sourceTree = "<group>";
		};
		4668D5CD2595768700463C6F /* PreworkUITests */ = {
			isa = PBXGroup;
			children = (
				4668D5CE2595768700463C6F /* PreworkUITests.swift */,
				4668D5D02595768700463C6F /* Info.plist */,
			);
			path = PreworkUITests;
			sourceTree = "<group>";
		};
/* End PBXGroup section */

/* Begin PBXNativeTarget section */
		4668D5A82595767E00463C6F /* Tipsy */ = {
			isa = PBXNativeTarget;
			buildConfigurationList = 4668D5D32595768700463C6F /* Build configuration list for PBXNativeTarget "Tipsy" */;
			buildPhases = (
				4668D5A52595767E00463C6F /* Sources */,
				4668D5A62595767E00463C6F /* Frameworks */,
				4668D5A72595767E00463C6F /* Resources */,
			);
			buildRules = (
			);
			dependencies = (
			);
			name = Tipsy;
			productName = Prework;
			productReference = 4668D5A92595767E00463C6F /* Tipsy.app */;
			productType = "com.apple.product-type.application";
		};
		4668D5BE2595768700463C6F /* TipsyTests */ = {
			isa = PBXNativeTarget;
			buildConfigurationList = 4668D5D62595768700463C6F /* Build configuration list for PBXNativeTarget "TipsyTests" */;
			buildPhases = (
				4668D5BB2595768700463C6F /* Sources */,
				4668D5BC2595768700463C6F /* Frameworks */,
				4668D5BD2595768700463C6F /* Resources */,
			);
			buildRules = (
			);
			dependencies = (
				4668D5C12595768700463C6F /* PBXTargetDependency */,
			);
			name = TipsyTests;
			productName = PreworkTests;
			productReference = 4668D5BF2595768700463C6F /* TipsyTests.xctest */;
			productType = "com.apple.product-type.bundle.unit-test";
		};
		4668D5C92595768700463C6F /* TipsyUITests */ = {
			isa = PBXNativeTarget;
			buildConfigurationList = 4668D5D92595768700463C6F /* Build configuration list for PBXNativeTarget "TipsyUITests" */;
			buildPhases = (
				4668D5C62595768700463C6F /* Sources */,
				4668D5C72595768700463C6F /* Frameworks */,
				4668D5C82595768700463C6F /* Resources */,
			);
			buildRules = (
			);
			dependencies = (
				4668D5CC2595768700463C6F /* PBXTargetDependency */,
			);
			name = TipsyUITests;
			productName = PreworkUITests;
			productReference = 4668D5CA2595768700463C6F /* TipsyUITests.xctest */;
			productType = "com.apple.product-type.bundle.ui-testing";
		};
/* End PBXNativeTarget section */

/* Begin PBXProject section */
		4668D5A12595767D00463C6F /* Project object */ = {
			isa = PBXProject;
			attributes = {
				LastSwiftUpdateCheck = 1230;
				LastUpgradeCheck = 1230;
				TargetAttributes = {
					4668D5A82595767E00463C6F = {
						CreatedOnToolsVersion = 12.3;
					};
					4668D5BE2595768700463C6F = {
						CreatedOnToolsVersion = 12.3;
						TestTargetID = 4668D5A82595767E00463C6F;
					};
					4668D5C92595768700463C6F = {
						CreatedOnToolsVersion = 12.3;
						TestTargetID = 4668D5A82595767E00463C6F;
					};
				};
			};
			buildConfigurationList = 4668D5A42595767E00463C6F /* Build configuration list for PBXProject "Tipsy" */;
			compatibilityVersion = "Xcode 9.3";
			developmentRegion = en;
			hasScannedForEncodings = 0;
			knownRegions = (
				en,
				Base,
			);
			mainGroup = 4668D5A02595767D00463C6F;
			productRefGroup = 4668D5AA2595767E00463C6F /* Products */;
			projectDirPath = "";
			projectRoot = "";
			targets = (
				4668D5A82595767E00463C6F /* Tipsy */,
				4668D5BE2595768700463C6F /* TipsyTests */,
				4668D5C92595768700463C6F /* TipsyUITests */,
			);
		};
/* End PBXProject section */

/* Begin PBXResourcesBuildPhase section */
		4668D5A72595767E00463C6F /* Resources */ = {
			isa = PBXResourcesBuildPhase;
			buildActionMask = 2147483647;
			files = (
				4668D5B92595768700463C6F /* LaunchScreen.storyboard in Resources */,
				4668D5B62595768700463C6F /* Assets.xcassets in Resources */,
				4668D5B42595767F00463C6F /* Main.storyboard in Resources */,
			);
			runOnlyForDeploymentPostprocessing = 0;
		};
		4668D5BD2595768700463C6F /* Resources */ = {
			isa = PBXResourcesBuildPhase;
			buildActionMask = 2147483647;
			files = (
			);
			runOnlyForDeploymentPostprocessing = 0;
		};
		4668D5C82595768700463C6F /* Resources */ = {
			isa = PBXResourcesBuildPhase;
			buildActionMask = 2147483647;
			files = (
			);
			runOnlyForDeploymentPostprocessing = 0;
		};
/* End PBXResourcesBuildPhase section */

/* Begin PBXSourcesBuildPhase section */
		4668D5A52595767E00463C6F /* Sources */ = {
			isa = PBXSourcesBuildPhase;
			buildActionMask = 2147483647;
			files = (
				4668D5B12595767E00463C6F /* ViewController.swift in Sources */,
				4668D5AD2595767E00463C6F /* AppDelegate.swift in Sources */,
				4668D5AF2595767E00463C6F /* SceneDelegate.swift in Sources */,
			);
			runOnlyForDeploymentPostprocessing = 0;
		};
		4668D5BB2595768700463C6F /* Sources */ = {
			isa = PBXSourcesBuildPhase;
			buildActionMask = 2147483647;
			files = (
				4668D5C42595768700463C6F /* PreworkTests.swift in Sources */,
			);
			runOnlyForDeploymentPostprocessing = 0;
		};
		4668D5C62595768700463C6F /* Sources */ = {
			isa = PBXSourcesBuildPhase;
			buildActionMask = 2147483647;
			files = (
				4668D5CF2595768700463C6F /* PreworkUITests.swift in Sources */,
			);
			runOnlyForDeploymentPostprocessing = 0;
		};
/* End PBXSourcesBuildPhase section */

/* Begin PBXTargetDependency section */
		4668D5C12595768700463C6F /* PBXTargetDependency */ = {
			isa = PBXTargetDependency;
			target = 4668D5A82595767E00463C6F /* Tipsy */;
			targetProxy = 4668D5C02595768700463C6F /* PBXContainerItemProxy */;
		};
		4668D5CC2595768700463C6F /* PBXTargetDependency */ = {
			isa = PBXTargetDependency;
			target = 4668D5A82595767E00463C6F /* Tipsy */;
			targetProxy = 4668D5CB2595768700463C6F /* PBXContainerItemProxy */;
		};
/* End PBXTargetDependency section */

/* Begin PBXVariantGroup section */
		4668D5B22595767F00463C6F /* Main.storyboard */ = {
			isa = PBXVariantGroup;
			children = (
				4668D5B32595767F00463C6F /* Base */,
			);
			name = Main.storyboard;
			sourceTree = "<group>";
		};
		4668D5B72595768700463C6F /* LaunchScreen.storyboard */ = {
			isa = PBXVariantGroup;
			children = (
				4668D5B82595768700463C6F /* Base */,
			);
			name = LaunchScreen.storyboard;
			sourceTree = "<group>";
		};
/* End PBXVariantGroup section */

/* Begin XCBuildConfiguration section */
		4668D5D12595768700463C6F /* Debug */ = {
			isa = XCBuildConfiguration;
			buildSettings = {
				ALWAYS_SEARCH_USER_PATHS = NO;
				CLANG_ANALYZER_NONNULL = YES;
				CLANG_ANALYZER_NUMBER_OBJECT_CONVERSION = YES_AGGRESSIVE;
				CLANG_CXX_LANGUAGE_STANDARD = "gnu++14";
				CLANG_CXX_LIBRARY = "libc++";
				CLANG_ENABLE_MODULES = YES;
				CLANG_ENABLE_OBJC_ARC = YES;
				CLANG_ENABLE_OBJC_WEAK = YES;
				CLANG_WARN_BLOCK_CAPTURE_AUTORELEASING = YES;
				CLANG_WARN_BOOL_CONVERSION = YES;
				CLANG_WARN_COMMA = YES;
				CLANG_WARN_CONSTANT_CONVERSION = YES;
				CLANG_WARN_DEPRECATED_OBJC_IMPLEMENTATIONS = YES;
				CLANG_WARN_DIRECT_OBJC_ISA_USAGE = YES_ERROR;
				CLANG_WARN_DOCUMENTATION_COMMENTS = YES;
				CLANG_WARN_EMPTY_BODY = YES;
				CLANG_WARN_ENUM_CONVERSION = YES;
				CLANG_WARN_INFINITE_RECURSION = YES;
				CLANG_WARN_INT_CONVERSION = YES;
				CLANG_WARN_NON_LITERAL_NULL_CONVERSION = YES;
				CLANG_WARN_OBJC_IMPLICIT_RETAIN_SELF = YES;
				CLANG_WARN_OBJC_LITERAL_CONVERSION = YES;
				CLANG_WARN_OBJC_ROOT_CLASS = YES_ERROR;
				CLANG_WARN_QUOTED_INCLUDE_IN_FRAMEWORK_HEADER = YES;
				CLANG_WARN_RANGE_LOOP_ANALYSIS = YES;
				CLANG_WARN_STRICT_PROTOTYPES = YES;
				CLANG_WARN_SUSPICIOUS_MOVE = YES;
				CLANG_WARN_UNGUARDED_AVAILABILITY = YES_AGGRESSIVE;
				CLANG_WARN_UNREACHABLE_CODE = YES;
				CLANG_WARN__DUPLICATE_METHOD_MATCH = YES;
				COPY_PHASE_STRIP = NO;
				DEBUG_INFORMATION_FORMAT = dwarf;
				ENABLE_STRICT_OBJC_MSGSEND = YES;
				ENABLE_TESTABILITY = YES;
				GCC_C_LANGUAGE_STANDARD = gnu11;
				GCC_DYNAMIC_NO_PIC = NO;
				GCC_NO_COMMON_BLOCKS = YES;
				GCC_OPTIMIZATION_LEVEL = 0;
				GCC_PREPROCESSOR_DEFINITIONS = (
					"DEBUG=1",
					"$(inherited)",
				);
				GCC_WARN_64_TO_32_BIT_CONVERSION = YES;
				GCC_WARN_ABOUT_RETURN_TYPE = YES_ERROR;
				GCC_WARN_UNDECLARED_SELECTOR = YES;
				GCC_WARN_UNINITIALIZED_AUTOS = YES_AGGRESSIVE;
				GCC_WARN_UNUSED_FUNCTION = YES;
				GCC_WARN_UNUSED_VARIABLE = YES;
				IPHONEOS_DEPLOYMENT_TARGET = 14.3;
				MTL_ENABLE_DEBUG_INFO = INCLUDE_SOURCE;
				MTL_FAST_MATH = YES;
				ONLY_ACTIVE_ARCH = YES;
				SDKROOT = iphoneos;
				SWIFT_ACTIVE_COMPILATION_CONDITIONS = DEBUG;
				SWIFT_OPTIMIZATION_LEVEL = "-Onone";
			};
			name = Debug;
		};
		4668D5D22595768700463C6F /* Release */ = {
			isa = XCBuildConfiguration;
			buildSettings = {
				ALWAYS_SEARCH_USER_PATHS = NO;
				CLANG_ANALYZER_NONNULL = YES;
				CLANG_ANALYZER_NUMBER_OBJECT_CONVERSION = YES_AGGRESSIVE;
				CLANG_CXX_LANGUAGE_STANDARD = "gnu++14";
				CLANG_CXX_LIBRARY = "libc++";
				CLANG_ENABLE_MODULES = YES;
				CLANG_ENABLE_OBJC_ARC = YES;
				CLANG_ENABLE_OBJC_WEAK = YES;
				CLANG_WARN_BLOCK_CAPTURE_AUTORELEASING = YES;
				CLANG_WARN_BOOL_CONVERSION = YES;
				CLANG_WARN_COMMA = YES;
				CLANG_WARN_CONSTANT_CONVERSION = YES;
				CLANG_WARN_DEPRECATED_OBJC_IMPLEMENTATIONS = YES;
				CLANG_WARN_DIRECT_OBJC_ISA_USAGE = YES_ERROR;
				CLANG_WARN_DOCUMENTATION_COMMENTS = YES;
				CLANG_WARN_EMPTY_BODY = YES;
				CLANG_WARN_ENUM_CONVERSION = YES;
				CLANG_WARN_INFINITE_RECURSION = YES;
				CLANG_WARN_INT_CONVERSION = YES;
				CLANG_WARN_NON_LITERAL_NULL_CONVERSION = YES;
				CLANG_WARN_OBJC_IMPLICIT_RETAIN_SELF = YES;
				CLANG_WARN_OBJC_LITERAL_CONVERSION = YES;
				CLANG_WARN_OBJC_ROOT_CLASS = YES_ERROR;
				CLANG_WARN_QUOTED_INCLUDE_IN_FRAMEWORK_HEADER = YES;
				CLANG_WARN_RANGE_LOOP_ANALYSIS = YES;
				CLANG_WARN_STRICT_PROTOTYPES = YES;
				CLANG_WARN_SUSPICIOUS_MOVE = YES;
				CLANG_WARN_UNGUARDED_AVAILABILITY = YES_AGGRESSIVE;
				CLANG_WARN_UNREACHABLE_CODE = YES;
				CLANG_WARN__DUPLICATE_METHOD_MATCH = YES;
				COPY_PHASE_STRIP = NO;
				DEBUG_INFORMATION_FORMAT = "dwarf-with-dsym";
				ENABLE_NS_ASSERTIONS = NO;
				ENABLE_STRICT_OBJC_MSGSEND = YES;
				GCC_C_LANGUAGE_STANDARD = gnu11;
				GCC_NO_COMMON_BLOCKS = YES;
				GCC_WARN_64_TO_32_BIT_CONVERSION = YES;
				GCC_WARN_ABOUT_RETURN_TYPE = YES_ERROR;
				GCC_WARN_UNDECLARED_SELECTOR = YES;
				GCC_WARN_UNINITIALIZED_AUTOS = YES_AGGRESSIVE;
				GCC_WARN_UNUSED_FUNCTION = YES;
				GCC_WARN_UNUSED_VARIABLE = YES;
				IPHONEOS_DEPLOYMENT_TARGET = 14.3;
				MTL_ENABLE_DEBUG_INFO = NO;
				MTL_FAST_MATH = YES;
				SDKROOT = iphoneos;
				SWIFT_COMPILATION_MODE = wholemodule;
				SWIFT_OPTIMIZATION_LEVEL = "-O";
				VALIDATE_PRODUCT = YES;
			};
			name = Release;
		};
		4668D5D42595768700463C6F /* Debug */ = {
			isa = XCBuildConfiguration;
			buildSettings = {
				ASSETCATALOG_COMPILER_APPICON_NAME = AppIcon;
				ASSETCATALOG_COMPILER_GLOBAL_ACCENT_COLOR_NAME = AccentColor;
				CODE_SIGN_STYLE = Automatic;
				INFOPLIST_FILE = Tipsy/Info.plist;
				LD_RUNPATH_SEARCH_PATHS = (
					"$(inherited)",
					"@executable_path/Frameworks",
				);
				PRODUCT_BUNDLE_IDENTIFIER = memo.com.Tipsy;
				PRODUCT_NAME = "$(TARGET_NAME)";
				SWIFT_VERSION = 5.0;
				TARGETED_DEVICE_FAMILY = "1,2";
			};
			name = Debug;
		};
		4668D5D52595768700463C6F /* Release */ = {
			isa = XCBuildConfiguration;
			buildSettings = {
				ASSETCATALOG_COMPILER_APPICON_NAME = AppIcon;
				ASSETCATALOG_COMPILER_GLOBAL_ACCENT_COLOR_NAME = AccentColor;
				CODE_SIGN_STYLE = Automatic;
				INFOPLIST_FILE = Tipsy/Info.plist;
				LD_RUNPATH_SEARCH_PATHS = (
					"$(inherited)",
					"@executable_path/Frameworks",
				);
				PRODUCT_BUNDLE_IDENTIFIER = memo.com.Tipsy;
				PRODUCT_NAME = "$(TARGET_NAME)";
				SWIFT_VERSION = 5.0;
				TARGETED_DEVICE_FAMILY = "1,2";
			};
			name = Release;
		};
		4668D5D72595768700463C6F /* Debug */ = {
			isa = XCBuildConfiguration;
			buildSettings = {
				ALWAYS_EMBED_SWIFT_STANDARD_LIBRARIES = YES;
				BUNDLE_LOADER = "$(TEST_HOST)";
				CODE_SIGN_STYLE = Automatic;
				INFOPLIST_FILE = PreworkTests/Info.plist;
				IPHONEOS_DEPLOYMENT_TARGET = 14.3;
				LD_RUNPATH_SEARCH_PATHS = (
					"$(inherited)",
					"@executable_path/Frameworks",
					"@loader_path/Frameworks",
				);
				PRODUCT_BUNDLE_IDENTIFIER = memo.com.PreworkTests;
				PRODUCT_NAME = "$(TARGET_NAME)";
				SWIFT_VERSION = 5.0;
				TARGETED_DEVICE_FAMILY = "1,2";
				TEST_HOST = "$(BUILT_PRODUCTS_DIR)/Tipsy.app/Tipsy";
			};
			name = Debug;
		};
		4668D5D82595768700463C6F /* Release */ = {
			isa = XCBuildConfiguration;
			buildSettings = {
				ALWAYS_EMBED_SWIFT_STANDARD_LIBRARIES = YES;
				BUNDLE_LOADER = "$(TEST_HOST)";
				CODE_SIGN_STYLE = Automatic;
				INFOPLIST_FILE = PreworkTests/Info.plist;
				IPHONEOS_DEPLOYMENT_TARGET = 14.3;
				LD_RUNPATH_SEARCH_PATHS = (
					"$(inherited)",
					"@executable_path/Frameworks",
					"@loader_path/Frameworks",
				);
				PRODUCT_BUNDLE_IDENTIFIER = memo.com.PreworkTests;
				PRODUCT_NAME = "$(TARGET_NAME)";
				SWIFT_VERSION = 5.0;
				TARGETED_DEVICE_FAMILY = "1,2";
				TEST_HOST = "$(BUILT_PRODUCTS_DIR)/Tipsy.app/Tipsy";
			};
			name = Release;
		};
		4668D5DA2595768700463C6F /* Debug */ = {
			isa = XCBuildConfiguration;
			buildSettings = {
				ALWAYS_EMBED_SWIFT_STANDARD_LIBRARIES = YES;
				CODE_SIGN_STYLE = Automatic;
				INFOPLIST_FILE = PreworkUITests/Info.plist;
				LD_RUNPATH_SEARCH_PATHS = (
					"$(inherited)",
					"@executable_path/Frameworks",
					"@loader_path/Frameworks",
				);
				PRODUCT_BUNDLE_IDENTIFIER = memo.com.PreworkUITests;
				PRODUCT_NAME = "$(TARGET_NAME)";
				SWIFT_VERSION = 5.0;
				TARGETED_DEVICE_FAMILY = "1,2";
				TEST_TARGET_NAME = Prework;
			};
			name = Debug;
		};
		4668D5DB2595768700463C6F /* Release */ = {
			isa = XCBuildConfiguration;
			buildSettings = {
				ALWAYS_EMBED_SWIFT_STANDARD_LIBRARIES = YES;
				CODE_SIGN_STYLE = Automatic;
				INFOPLIST_FILE = PreworkUITests/Info.plist;
				LD_RUNPATH_SEARCH_PATHS = (
					"$(inherited)",
					"@executable_path/Frameworks",
					"@loader_path/Frameworks",
				);
				PRODUCT_BUNDLE_IDENTIFIER = memo.com.PreworkUITests;
				PRODUCT_NAME = "$(TARGET_NAME)";
				SWIFT_VERSION = 5.0;
				TARGETED_DEVICE_FAMILY = "1,2";
				TEST_TARGET_NAME = Prework;
			};
			name = Release;
		};
/* End XCBuildConfiguration section */

/* Begin XCConfigurationList section */
		4668D5A42595767E00463C6F /* Build configuration list for PBXProject "Tipsy" */ = {
			isa = XCConfigurationList;
			buildConfigurations = (
				4668D5D12595768700463C6F /* Debug */,
				4668D5D22595768700463C6F /* Release */,
			);
			defaultConfigurationIsVisible = 0;
			defaultConfigurationName = Release;
		};
		4668D5D32595768700463C6F /* Build configuration list for PBXNativeTarget "Tipsy" */ = {
			isa = XCConfigurationList;
			buildConfigurations = (
				4668D5D42595768700463C6F /* Debug */,
				4668D5D52595768700463C6F /* Release */,
			);
			defaultConfigurationIsVisible = 0;
			defaultConfigurationName = Release;
		};
		4668D5D62595768700463C6F /* Build configuration list for PBXNativeTarget "TipsyTests" */ = {
			isa = XCConfigurationList;
			buildConfigurations = (
				4668D5D72595768700463C6F /* Debug */,
				4668D5D82595768700463C6F /* Release */,
			);
			defaultConfigurationIsVisible = 0;
			defaultConfigurationName = Release;
		};
		4668D5D92595768700463C6F /* Build configuration list for PBXNativeTarget "TipsyUITests" */ = {
			isa = XCConfigurationList;
			buildConfigurations = (
				4668D5DA2595768700463C6F /* Debug */,
				4668D5DB2595768700463C6F /* Release */,
			);
			defaultConfigurationIsVisible = 0;
			defaultConfigurationName = Release;
		};
/* End XCConfigurationList section */
	};
	rootObject = 4668D5A12595767D00463C6F /* Project object */;
}
